
Microsoft Visual Studio Solution File, Format Version 12.00
# Visual Studio Version 17
VisualStudioVersion = 17.5.33516.290
MinimumVisualStudioVersion = 10.0.40219.1
Project("{FAE04EC0-301F-11D3-BF4B-00C04F79EFBC}") = "HitachiTask", "HitachiTask\HitachiTask.csproj", "{CE1AA3BB-A5C3-42F4-A557-9CC01B8F0B5E}"
EndProject
Global
	GlobalSection(SolutionConfigurationPlatforms) = preSolution
		Debug|Any CPU = Debug|Any CPU
		Release|Any CPU = Release|Any CPU
	EndGlobalSection
	GlobalSection(ProjectConfigurationPlatforms) = postSolution
		{CE1AA3BB-A5C3-42F4-A557-9CC01B8F0B5E}.Debug|Any CPU.ActiveCfg = Debug|Any CPU
		{CE1AA3BB-A5C3-42F4-A557-9CC01B8F0B5E}.Debug|Any CPU.Build.0 = Debug|Any CPU
		{CE1AA3BB-A5C3-42F4-A557-9CC01B8F0B5E}.Release|Any CPU.ActiveCfg = Release|Any CPU
		{CE1AA3BB-A5C3-42F4-A557-9CC01B8F0B5E}.Release|Any CPU.Build.0 = Release|Any CPU
	EndGlobalSection
	GlobalSection(SolutionProperties) = preSolution
		HideSolutionNode = FALSE
	EndGlobalSection
	GlobalSection(ExtensibilityGlobals) = postSolution
		SolutionGuid = {60EFC3E8-450B-496F-97E9-DD2988D7E830}
	EndGlobalSection
EndGlobal
